
Microsoft Visual Studio Solution File, Format Version 12.00
# Visual Studio Version 16
VisualStudioVersion = 16.0.30907.101
MinimumVisualStudioVersion = 10.0.40219.1
Project("{FAE04EC0-301F-11D3-BF4B-00C04F79EFBC}") = "Diplom", "Diplom\Diplom.csproj", "{70691C9A-541D-4D46-B795-2934061AE1AD}"
EndProject
Global
	GlobalSection(SolutionConfigurationPlatforms) = preSolution
		Debug|Any CPU = Debug|Any CPU
		Release|Any CPU = Release|Any CPU
	EndGlobalSection
	GlobalSection(ProjectConfigurationPlatforms) = postSolution
		{70691C9A-541D-4D46-B795-2934061AE1AD}.Debug|Any CPU.ActiveCfg = Debug|Any CPU
		{70691C9A-541D-4D46-B795-2934061AE1AD}.Debug|Any CPU.Build.0 = Debug|Any CPU
		{70691C9A-541D-4D46-B795-2934061AE1AD}.Release|Any CPU.ActiveCfg = Release|Any CPU
		{70691C9A-541D-4D46-B795-2934061AE1AD}.Release|Any CPU.Build.0 = Release|Any CPU
	EndGlobalSection
	GlobalSection(SolutionProperties) = preSolution
		HideSolutionNode = FALSE
	EndGlobalSection
	GlobalSection(ExtensibilityGlobals) = postSolution
		SolutionGuid = {B1B60240-66D6-4FC0-B997-8CE2E7CAA682}
	EndGlobalSection
EndGlobal
